
Microsoft Visual Studio Solution File, Format Version 12.00
# Visual Studio Version 16
VisualStudioVersion = 16.0.32413.511
MinimumVisualStudioVersion = 10.0.40219.1
Project("{FAE04EC0-301F-11D3-BF4B-00C04F79EFBC}") = "Lab5_2_Form", "Lab5_2_Form\Lab5_2_Form.csproj", "{448DFE51-ACF4-48F9-8ED1-C1CD8A424E34}"
EndProject
Global
	GlobalSection(SolutionConfigurationPlatforms) = preSolution
		Debug|Any CPU = Debug|Any CPU
		Release|Any CPU = Release|Any CPU
	EndGlobalSection
	GlobalSection(ProjectConfigurationPlatforms) = postSolution
		{448DFE51-ACF4-48F9-8ED1-C1CD8A424E34}.Debug|Any CPU.ActiveCfg = Debug|Any CPU
		{448DFE51-ACF4-48F9-8ED1-C1CD8A424E34}.Debug|Any CPU.Build.0 = Debug|Any CPU
		{448DFE51-ACF4-48F9-8ED1-C1CD8A424E34}.Release|Any CPU.ActiveCfg = Release|Any CPU
		{448DFE51-ACF4-48F9-8ED1-C1CD8A424E34}.Release|Any CPU.Build.0 = Release|Any CPU
	EndGlobalSection
	GlobalSection(SolutionProperties) = preSolution
		HideSolutionNode = FALSE
	EndGlobalSection
	GlobalSection(ExtensibilityGlobals) = postSolution
		SolutionGuid = {AFEFE766-68EF-45E4-B657-C5B1EB36C5D5}
	EndGlobalSection
EndGlobal
